
Microsoft Visual Studio Solution File, Format Version 12.00
# Visual Studio 15
VisualStudioVersion = 15.0.28010.2019
MinimumVisualStudioVersion = 10.0.40219.1
Project("{FAE04EC0-301F-11D3-BF4B-00C04F79EFBC}") = "MsBuildVisualStudio15_8_3Regression", "MsBuildVisualStudio15_8_3Regression\MsBuildVisualStudio15_8_3Regression.csproj", "{1E3A7371-3961-46EB-A50E-AC1E66226B86}"
EndProject
Global
	GlobalSection(SolutionConfigurationPlatforms) = preSolution
		Debug|Any CPU = Debug|Any CPU
		Release|Any CPU = Release|Any CPU
	EndGlobalSection
	GlobalSection(ProjectConfigurationPlatforms) = postSolution
		{1E3A7371-3961-46EB-A50E-AC1E66226B86}.Debug|Any CPU.ActiveCfg = Debug|Any CPU
		{1E3A7371-3961-46EB-A50E-AC1E66226B86}.Debug|Any CPU.Build.0 = Debug|Any CPU
		{1E3A7371-3961-46EB-A50E-AC1E66226B86}.Release|Any CPU.ActiveCfg = Release|Any CPU
		{1E3A7371-3961-46EB-A50E-AC1E66226B86}.Release|Any CPU.Build.0 = Release|Any CPU
	EndGlobalSection
	GlobalSection(SolutionProperties) = preSolution
		HideSolutionNode = FALSE
	EndGlobalSection
	GlobalSection(ExtensibilityGlobals) = postSolution
		SolutionGuid = {E7FB7B7F-95AE-4D91-B1E5-18D99EC0031C}
	EndGlobalSection
EndGlobal
